// !$*UTF8*$!
{
	archiveVersion = 1;
	classes = {
	};
	objectVersion = 46;
	objects = {

/* Begin PBXBuildFile section */
		D831A2C71B7F3DFB00B4082F /* main.cpp in Sources */ = {isa = PBXBuildFile; fileRef = D831A2C61B7F3DFB00B4082F /* main.cpp */; };
/* End PBXBuildFile section */

/* Begin PBXCopyFilesBuildPhase section */
		D831A2C11B7F3DFB00B4082F /* CopyFiles */ = {
			isa = PBXCopyFilesBuildPhase;
			buildActionMask = 2147483647;
			dstPath = /usr/share/man/man1/;
			dstSubfolderSpec = 0;
			files = (
			);
			runOnlyForDeploymentPostprocessing = 1;
		};
/* End PBXCopyFilesBuildPhase section */

/* Begin PBXFileReference section */
		D831A2C31B7F3DFB00B4082F /* LeapVisualizer */ = {isa = PBXFileReference; explicitFileType = "compiled.mach-o.executable"; includeInIndex = 0; path = LeapVisualizer; sourceTree = BUILT_PRODUCTS_DIR; };
		D831A2C61B7F3DFB00B4082F /* main.cpp */ = {isa = PBXFileReference; lastKnownFileType = sourcecode.cpp.cpp; path = main.cpp; sourceTree = "<group>"; };
/* End PBXFileReference section */

/* Begin PBXFrameworksBuildPhase section */
		D831A2C01B7F3DFB00B4082F /* Frameworks */ = {
			isa = PBXFrameworksBuildPhase;
			buildActionMask = 2147483647;
			files = (
			);
			runOnlyForDeploymentPostprocessing = 0;
		};
/* End PBXFrameworksBuildPhase section */

/* Begin PBXGroup section */
		D831A2BA1B7F3DFB00B4082F = {
			isa = PBXGroup;
			children = (
				D831A2C51B7F3DFB00B4082F /* LeapVisualizer */,
				D831A2C41B7F3DFB00B4082F /* Products */,
			);
			sourceTree = "<group>";
		};
		D831A2C41B7F3DFB00B4082F /* Products */ = {
			isa = PBXGroup;
			children = (
				D831A2C31B7F3DFB00B4082F /* LeapVisualizer */,
			);
			name = Products;
			sourceTree = "<group>";
		};
		D831A2C51B7F3DFB00B4082F /* LeapVisualizer */ = {
			isa = PBXGroup;
			children = (
				D831A2C61B7F3DFB00B4082F /* main.cpp */,
			);
			path = LeapVisualizer;
			sourceTree = "<group>";
		};
/* End PBXGroup section */

/* Begin PBXNativeTarget section */
		D831A2C21B7F3DFB00B4082F /* LeapVisualizer */ = {
			isa = PBXNativeTarget;
			buildConfigurationList = D831A2CA1B7F3DFB00B4082F /* Build configuration list for PBXNativeTarget "LeapVisualizer" */;
			buildPhases = (
				D831A2BF1B7F3DFB00B4082F /* Sources */,
				D831A2C01B7F3DFB00B4082F /* Frameworks */,
				D831A2C11B7F3DFB00B4082F /* CopyFiles */,
			);
			buildRules = (
			);
			dependencies = (
			);
			name = LeapVisualizer;
			productName = LeapVisualizer;
			productReference = D831A2C31B7F3DFB00B4082F /* LeapVisualizer */;
			productType = "com.apple.product-type.tool";
		};
/* End PBXNativeTarget section */

/* Begin PBXProject section */
		D831A2BB1B7F3DFB00B4082F /* Project object */ = {
			isa = PBXProject;
			attributes = {
				LastUpgradeCheck = 0640;
				ORGANIZATIONNAME = "高意唯";
				TargetAttributes = {
					D831A2C21B7F3DFB00B4082F = {
						CreatedOnToolsVersion = 6.4;
					};
				};
			};
			buildConfigurationList = D831A2BE1B7F3DFB00B4082F /* Build configuration list for PBXProject "LeapVisualizer" */;
			compatibilityVersion = "Xcode 3.2";
			developmentRegion = English;
			hasScannedForEncodings = 0;
			knownRegions = (
				en,
			);
			mainGroup = D831A2BA1B7F3DFB00B4082F;
			productRefGroup = D831A2C41B7F3DFB00B4082F /* Products */;
			projectDirPath = "";
			projectRoot = "";
			targets = (
				D831A2C21B7F3DFB00B4082F /* LeapVisualizer */,
			);
		};
/* End PBXProject section */

/* Begin PBXSourcesBuildPhase section */
		D831A2BF1B7F3DFB00B4082F /* Sources */ = {
			isa = PBXSourcesBuildPhase;
			buildActionMask = 2147483647;
			files = (
				D831A2C71B7F3DFB00B4082F /* main.cpp in Sources */,
			);
			runOnlyForDeploymentPostprocessing = 0;
		};
/* End PBXSourcesBuildPhase section */

/* Begin XCBuildConfiguration section */
		D831A2C81B7F3DFB00B4082F /* Debug */ = {
			isa = XCBuildConfiguration;
			buildSettings = {
				ALWAYS_SEARCH_USER_PATHS = NO;
				CLANG_CXX_LANGUAGE_STANDARD = "gnu++0x";
				CLANG_CXX_LIBRARY = "libc++";
				CLANG_ENABLE_MODULES = YES;
				CLANG_ENABLE_OBJC_ARC = YES;
				CLANG_WARN_BOOL_CONVERSION = YES;
				CLANG_WARN_CONSTANT_CONVERSION = YES;
				CLANG_WARN_DIRECT_OBJC_ISA_USAGE = YES_ERROR;
				CLANG_WARN_EMPTY_BODY = YES;
				CLANG_WARN_ENUM_CONVERSION = YES;
				CLANG_WARN_INT_CONVERSION = YES;
				CLANG_WARN_OBJC_ROOT_CLASS = YES_ERROR;
				CLANG_WARN_UNREACHABLE_CODE = YES;
				CLANG_WARN__DUPLICATE_METHOD_MATCH = YES;
				COPY_PHASE_STRIP = NO;
				DEBUG_INFORMATION_FORMAT = dwarf;
				ENABLE_STRICT_OBJC_MSGSEND = YES;
				GCC_C_LANGUAGE_STANDARD = gnu99;
				GCC_DYNAMIC_NO_PIC = NO;
				GCC_NO_COMMON_BLOCKS = YES;
				GCC_OPTIMIZATION_LEVEL = 0;
				GCC_PREPROCESSOR_DEFINITIONS = (
					"DEBUG=1",
					"$(inherited)",
				);
				GCC_SYMBOLS_PRIVATE_EXTERN = NO;
				GCC_WARN_64_TO_32_BIT_CONVERSION = YES;
				GCC_WARN_ABOUT_RETURN_TYPE = YES_ERROR;
				GCC_WARN_UNDECLARED_SELECTOR = YES;
				GCC_WARN_UNINITIALIZED_AUTOS = YES_AGGRESSIVE;
				GCC_WARN_UNUSED_FUNCTION = YES;
				GCC_WARN_UNUSED_VARIABLE = YES;
				MACOSX_DEPLOYMENT_TARGET = 10.10;
				MTL_ENABLE_DEBUG_INFO = YES;
				ONLY_ACTIVE_ARCH = YES;
				SDKROOT = macosx;
			};
			name = Debug;
		};
		D831A2C91B7F3DFB00B4082F /* Release */ = {
			isa = XCBuildConfiguration;
			buildSettings = {
				ALWAYS_SEARCH_USER_PATHS = NO;
				CLANG_CXX_LANGUAGE_STANDARD = "gnu++0x";
				CLANG_CXX_LIBRARY = "libc++";
				CLANG_ENABLE_MODULES = YES;
				CLANG_ENABLE_OBJC_ARC = YES;
				CLANG_WARN_BOOL_CONVERSION = YES;
				CLANG_WARN_CONSTANT_CONVERSION = YES;
				CLANG_WARN_DIRECT_OBJC_ISA_USAGE = YES_ERROR;
				CLANG_WARN_EMPTY_BODY = YES;
				CLANG_WARN_ENUM_CONVERSION = YES;
				CLANG_WARN_INT_CONVERSION = YES;
				CLANG_WARN_OBJC_ROOT_CLASS = YES_ERROR;
				CLANG_WARN_UNREACHABLE_CODE = YES;
				CLANG_WARN__DUPLICATE_METHOD_MATCH = YES;
				COPY_PHASE_STRIP = NO;
				DEBUG_INFORMATION_FORMAT = "dwarf-with-dsym";
				ENABLE_NS_ASSERTIONS = NO;
				ENABLE_STRICT_OBJC_MSGSEND = YES;
				GCC_C_LANGUAGE_STANDARD = gnu99;
				GCC_NO_COMMON_BLOCKS = YES;
				GCC_WARN_64_TO_32_BIT_CONVERSION = YES;
				GCC_WARN_ABOUT_RETURN_TYPE = YES_ERROR;
				GCC_WARN_UNDECLARED_SELECTOR = YES;
				GCC_WARN_UNINITIALIZED_AUTOS = YES_AGGRESSIVE;
				GCC_WARN_UNUSED_FUNCTION = YES;
				GCC_WARN_UNUSED_VARIABLE = YES;
				MACOSX_DEPLOYMENT_TARGET = 10.10;
				MTL_ENABLE_DEBUG_INFO = NO;
				SDKROOT = macosx;
			};
			name = Release;
		};
		D831A2CB1B7F3DFB00B4082F /* Debug */ = {
			isa = XCBuildConfiguration;
			buildSettings = {
				PRODUCT_NAME = "$(TARGET_NAME)";
			};
			name = Debug;
		};
		D831A2CC1B7F3DFB00B4082F /* Release */ = {
			isa = XCBuildConfiguration;
			buildSettings = {
				PRODUCT_NAME = "$(TARGET_NAME)";
			};
			name = Release;
		};
/* End XCBuildConfiguration section */

/* Begin XCConfigurationList section */
		D831A2BE1B7F3DFB00B4082F /* Build configuration list for PBXProject "LeapVisualizer" */ = {
			isa = XCConfigurationList;
			buildConfigurations = (
				D831A2C81B7F3DFB00B4082F /* Debug */,
				D831A2C91B7F3DFB00B4082F /* Release */,
			);
			defaultConfigurationIsVisible = 0;
			defaultConfigurationName = Release;
		};
		D831A2CA1B7F3DFB00B4082F /* Build configuration list for PBXNativeTarget "LeapVisualizer" */ = {
			isa = XCConfigurationList;
			buildConfigurations = (
				D831A2CB1B7F3DFB00B4082F /* Debug */,
				D831A2CC1B7F3DFB00B4082F /* Release */,
			);
			defaultConfigurationIsVisible = 0;
		};
/* End XCConfigurationList section */
	};
	rootObject = D831A2BB1B7F3DFB00B4082F /* Project object */;
}
